// !$*UTF8*$!
{
	archiveVersion = 1;
	classes = {
	};
	objectVersion = 48;
	objects = {

/* Begin PBXBuildFile section */
		80C4EA951FD682930075ACBD /* AppDelegate.swift in Sources */ = {isa = PBXBuildFile; fileRef = 80C4EA941FD682930075ACBD /* AppDelegate.swift */; };
		80C4EA971FD682930075ACBD /* ViewController.swift in Sources */ = {isa = PBXBuildFile; fileRef = 80C4EA961FD682930075ACBD /* ViewController.swift */; };
		80C4EA9A1FD682930075ACBD /* Main.storyboard in Resources */ = {isa = PBXBuildFile; fileRef = 80C4EA981FD682930075ACBD /* Main.storyboard */; };
		80C4EA9C1FD682930075ACBD /* Assets.xcassets in Resources */ = {isa = PBXBuildFile; fileRef = 80C4EA9B1FD682930075ACBD /* Assets.xcassets */; };
		80C4EA9F1FD682930075ACBD /* LaunchScreen.storyboard in Resources */ = {isa = PBXBuildFile; fileRef = 80C4EA9D1FD682930075ACBD /* LaunchScreen.storyboard */; };
/* End PBXBuildFile section */

/* Begin PBXFileReference section */
		80C4EA911FD682930075ACBD /* Planets AR.app */ = {isa = PBXFileReference; explicitFileType = wrapper.application; includeInIndex = 0; path = "Planets AR.app"; sourceTree = BUILT_PRODUCTS_DIR; };
		80C4EA941FD682930075ACBD /* AppDelegate.swift */ = {isa = PBXFileReference; lastKnownFileType = sourcecode.swift; path = AppDelegate.swift; sourceTree = "<group>"; };
		80C4EA961FD682930075ACBD /* ViewController.swift */ = {isa = PBXFileReference; lastKnownFileType = sourcecode.swift; path = ViewController.swift; sourceTree = "<group>"; };
		80C4EA991FD682930075ACBD /* Base */ = {isa = PBXFileReference; lastKnownFileType = file.storyboard; name = Base; path = Base.lproj/Main.storyboard; sourceTree = "<group>"; };
		80C4EA9B1FD682930075ACBD /* Assets.xcassets */ = {isa = PBXFileReference; lastKnownFileType = folder.assetcatalog; path = Assets.xcassets; sourceTree = "<group>"; };
		80C4EA9E1FD682930075ACBD /* Base */ = {isa = PBXFileReference; lastKnownFileType = file.storyboard; name = Base; path = Base.lproj/LaunchScreen.storyboard; sourceTree = "<group>"; };
		80C4EAA01FD682930075ACBD /* Info.plist */ = {isa = PBXFileReference; lastKnownFileType = text.plist.xml; path = Info.plist; sourceTree = "<group>"; };
/* End PBXFileReference section */

/* Begin PBXFrameworksBuildPhase section */
		80C4EA8E1FD682930075ACBD /* Frameworks */ = {
			isa = PBXFrameworksBuildPhase;
			buildActionMask = 2147483647;
			files = (
			);
			runOnlyForDeploymentPostprocessing = 0;
		};
/* End PBXFrameworksBuildPhase section */

/* Begin PBXGroup section */
		80C4EA881FD682930075ACBD = {
			isa = PBXGroup;
			children = (
				80C4EA931FD682930075ACBD /* Planets AR */,
				80C4EA921FD682930075ACBD /* Products */,
			);
			sourceTree = "<group>";
		};
		80C4EA921FD682930075ACBD /* Products */ = {
			isa = PBXGroup;
			children = (
				80C4EA911FD682930075ACBD /* Planets AR.app */,
			);
			name = Products;
			sourceTree = "<group>";
		};
		80C4EA931FD682930075ACBD /* Planets AR */ = {
			isa = PBXGroup;
			children = (
				80C4EA941FD682930075ACBD /* AppDelegate.swift */,
				80C4EA961FD682930075ACBD /* ViewController.swift */,
				80C4EA981FD682930075ACBD /* Main.storyboard */,
				80C4EA9B1FD682930075ACBD /* Assets.xcassets */,
				80C4EA9D1FD682930075ACBD /* LaunchScreen.storyboard */,
				80C4EAA01FD682930075ACBD /* Info.plist */,
			);
			path = "Planets AR";
			sourceTree = "<group>";
		};
/* End PBXGroup section */

/* Begin PBXNativeTarget section */
		80C4EA901FD682930075ACBD /* Planets AR */ = {
			isa = PBXNativeTarget;
			buildConfigurationList = 80C4EAA31FD682930075ACBD /* Build configuration list for PBXNativeTarget "Planets AR" */;
			buildPhases = (
				80C4EA8D1FD682930075ACBD /* Sources */,
				80C4EA8E1FD682930075ACBD /* Frameworks */,
				80C4EA8F1FD682930075ACBD /* Resources */,
			);
			buildRules = (
			);
			dependencies = (
			);
			name = "Planets AR";
			productName = "Planets AR";
			productReference = 80C4EA911FD682930075ACBD /* Planets AR.app */;
			productType = "com.apple.product-type.application";
		};
/* End PBXNativeTarget section */

/* Begin PBXProject section */
		80C4EA891FD682930075ACBD /* Project object */ = {
			isa = PBXProject;
			attributes = {
				LastSwiftUpdateCheck = 0910;
				LastUpgradeCheck = 0910;
				ORGANIZATIONNAME = "Noel Konagai";
				TargetAttributes = {
					80C4EA901FD682930075ACBD = {
						CreatedOnToolsVersion = 9.1;
						ProvisioningStyle = Automatic;
					};
				};
			};
			buildConfigurationList = 80C4EA8C1FD682930075ACBD /* Build configuration list for PBXProject "Planets AR" */;
			compatibilityVersion = "Xcode 8.0";
			developmentRegion = en;
			hasScannedForEncodings = 0;
			knownRegions = (
				en,
				Base,
			);
			mainGroup = 80C4EA881FD682930075ACBD;
			productRefGroup = 80C4EA921FD682930075ACBD /* Products */;
			projectDirPath = "";
			projectRoot = "";
			targets = (
				80C4EA901FD682930075ACBD /* Planets AR */,
			);
		};
/* End PBXProject section */

/* Begin PBXResourcesBuildPhase section */
		80C4EA8F1FD682930075ACBD /* Resources */ = {
			isa = PBXResourcesBuildPhase;
			buildActionMask = 2147483647;
			files = (
				80C4EA9F1FD682930075ACBD /* LaunchScreen.storyboard in Resources */,
				80C4EA9C1FD682930075ACBD /* Assets.xcassets in Resources */,
				80C4EA9A1FD682930075ACBD /* Main.storyboard in Resources */,
			);
			runOnlyForDeploymentPostprocessing = 0;
		};
/* End PBXResourcesBuildPhase section */

/* Begin PBXSourcesBuildPhase section */
		80C4EA8D1FD682930075ACBD /* Sources */ = {
			isa = PBXSourcesBuildPhase;
			buildActionMask = 2147483647;
			files = (
				80C4EA971FD682930075ACBD /* ViewController.swift in Sources */,
				80C4EA951FD682930075ACBD /* AppDelegate.swift in Sources */,
			);
			runOnlyForDeploymentPostprocessing = 0;
		};
/* End PBXSourcesBuildPhase section */

/* Begin PBXVariantGroup section */
		80C4EA981FD682930075ACBD /* Main.storyboard */ = {
			isa = PBXVariantGroup;
			children = (
				80C4EA991FD682930075ACBD /* Base */,
			);
			name = Main.storyboard;
			sourceTree = "<group>";
		};
		80C4EA9D1FD682930075ACBD /* LaunchScreen.storyboard */ = {
			isa = PBXVariantGroup;
			children = (
				80C4EA9E1FD682930075ACBD /* Base */,
			);
			name = LaunchScreen.storyboard;
			sourceTree = "<group>";
		};
/* End PBXVariantGroup section */

/* Begin XCBuildConfiguration section */
		80C4EAA11FD682930075ACBD /* Debug */ = {
			isa = XCBuildConfiguration;
			buildSettings = {
				ALWAYS_SEARCH_USER_PATHS = NO;
				CLANG_ANALYZER_NONNULL = YES;
				CLANG_ANALYZER_NUMBER_OBJECT_CONVERSION = YES_AGGRESSIVE;
				CLANG_CXX_LANGUAGE_STANDARD = "gnu++14";
				CLANG_CXX_LIBRARY = "libc++";
				CLANG_ENABLE_MODULES = YES;
				CLANG_ENABLE_OBJC_ARC = YES;
				CLANG_WARN_BLOCK_CAPTURE_AUTORELEASING = YES;
				CLANG_WARN_BOOL_CONVERSION = YES;
				CLANG_WARN_COMMA = YES;
				CLANG_WARN_CONSTANT_CONVERSION = YES;
				CLANG_WARN_DIRECT_OBJC_ISA_USAGE = YES_ERROR;
				CLANG_WARN_DOCUMENTATION_COMMENTS = YES;
				CLANG_WARN_EMPTY_BODY = YES;
				CLANG_WARN_ENUM_CONVERSION = YES;
				CLANG_WARN_INFINITE_RECURSION = YES;
				CLANG_WARN_INT_CONVERSION = YES;
				CLANG_WARN_NON_LITERAL_NULL_CONVERSION = YES;
				CLANG_WARN_OBJC_LITERAL_CONVERSION = YES;
				CLANG_WARN_OBJC_ROOT_CLASS = YES_ERROR;
				CLANG_WARN_RANGE_LOOP_ANALYSIS = YES;
				CLANG_WARN_STRICT_PROTOTYPES = YES;
				CLANG_WARN_SUSPICIOUS_MOVE = YES;
				CLANG_WARN_UNGUARDED_AVAILABILITY = YES_AGGRESSIVE;
				CLANG_WARN_UNREACHABLE_CODE = YES;
				CLANG_WARN__DUPLICATE_METHOD_MATCH = YES;
				CODE_SIGN_IDENTITY = "iPhone Developer";
				COPY_PHASE_STRIP = NO;
				DEBUG_INFORMATION_FORMAT = dwarf;
				ENABLE_STRICT_OBJC_MSGSEND = YES;
				ENABLE_TESTABILITY = YES;
				GCC_C_LANGUAGE_STANDARD = gnu11;
				GCC_DYNAMIC_NO_PIC = NO;
				GCC_NO_COMMON_BLOCKS = YES;
				GCC_OPTIMIZATION_LEVEL = 0;
				GCC_PREPROCESSOR_DEFINITIONS = (
					"DEBUG=1",
					"$(inherited)",
				);
				GCC_WARN_64_TO_32_BIT_CONVERSION = YES;
				GCC_WARN_ABOUT_RETURN_TYPE = YES_ERROR;
				GCC_WARN_UNDECLARED_SELECTOR = YES;
				GCC_WARN_UNINITIALIZED_AUTOS = YES_AGGRESSIVE;
				GCC_WARN_UNUSED_FUNCTION = YES;
				GCC_WARN_UNUSED_VARIABLE = YES;
				IPHONEOS_DEPLOYMENT_TARGET = 11.1;
				MTL_ENABLE_DEBUG_INFO = YES;
				ONLY_ACTIVE_ARCH = YES;
				SDKROOT = iphoneos;
				SWIFT_ACTIVE_COMPILATION_CONDITIONS = DEBUG;
				SWIFT_OPTIMIZATION_LEVEL = "-Onone";
			};
			name = Debug;
		};
		80C4EAA21FD682930075ACBD /* Release */ = {
			isa = XCBuildConfiguration;
			buildSettings = {
				ALWAYS_SEARCH_USER_PATHS = NO;
				CLANG_ANALYZER_NONNULL = YES;
				CLANG_ANALYZER_NUMBER_OBJECT_CONVERSION = YES_AGGRESSIVE;
				CLANG_CXX_LANGUAGE_STANDARD = "gnu++14";
				CLANG_CXX_LIBRARY = "libc++";
				CLANG_ENABLE_MODULES = YES;
				CLANG_ENABLE_OBJC_ARC = YES;
				CLANG_WARN_BLOCK_CAPTURE_AUTORELEASING = YES;
				CLANG_WARN_BOOL_CONVERSION = YES;
				CLANG_WARN_COMMA = YES;
				CLANG_WARN_CONSTANT_CONVERSION = YES;
				CLANG_WARN_DIRECT_OBJC_ISA_USAGE = YES_ERROR;
				CLANG_WARN_DOCUMENTATION_COMMENTS = YES;
				CLANG_WARN_EMPTY_BODY = YES;
				CLANG_WARN_ENUM_CONVERSION = YES;
				CLANG_WARN_INFINITE_RECURSION = YES;
				CLANG_WARN_INT_CONVERSION = YES;
				CLANG_WARN_NON_LITERAL_NULL_CONVERSION = YES;
				CLANG_WARN_OBJC_LITERAL_CONVERSION = YES;
				CLANG_WARN_OBJC_ROOT_CLASS = YES_ERROR;
				CLANG_WARN_RANGE_LOOP_ANALYSIS = YES;
				CLANG_WARN_STRICT_PROTOTYPES = YES;
				CLANG_WARN_SUSPICIOUS_MOVE = YES;
				CLANG_WARN_UNGUARDED_AVAILABILITY = YES_AGGRESSIVE;
				CLANG_WARN_UNREACHABLE_CODE = YES;
				CLANG_WARN__DUPLICATE_METHOD_MATCH = YES;
				CODE_SIGN_IDENTITY = "iPhone Developer";
				COPY_PHASE_STRIP = NO;
				DEBUG_INFORMATION_FORMAT = "dwarf-with-dsym";
				ENABLE_NS_ASSERTIONS = NO;
				ENABLE_STRICT_OBJC_MSGSEND = YES;
				GCC_C_LANGUAGE_STANDARD = gnu11;
				GCC_NO_COMMON_BLOCKS = YES;
				GCC_WARN_64_TO_32_BIT_CONVERSION = YES;
				GCC_WARN_ABOUT_RETURN_TYPE = YES_ERROR;
				GCC_WARN_UNDECLARED_SELECTOR = YES;
				GCC_WARN_UNINITIALIZED_AUTOS = YES_AGGRESSIVE;
				GCC_WARN_UNUSED_FUNCTION = YES;
				GCC_WARN_UNUSED_VARIABLE = YES;
				IPHONEOS_DEPLOYMENT_TARGET = 11.1;
				MTL_ENABLE_DEBUG_INFO = NO;
				SDKROOT = iphoneos;
				SWIFT_OPTIMIZATION_LEVEL = "-Owholemodule";
				VALIDATE_PRODUCT = YES;
			};
			name = Release;
		};
		80C4EAA41FD682930075ACBD /* Debug */ = {
			isa = XCBuildConfiguration;
			buildSettings = {
				ASSETCATALOG_COMPILER_APPICON_NAME = AppIcon;
				CODE_SIGN_STYLE = Automatic;
				DEVELOPMENT_TEAM = K8NZP3J962;
				INFOPLIST_FILE = "Planets AR/Info.plist";
				LD_RUNPATH_SEARCH_PATHS = "$(inherited) @executable_path/Frameworks";
				PRODUCT_BUNDLE_IDENTIFIER = "RITS.Planets-AR";
				PRODUCT_NAME = "$(TARGET_NAME)";
				SWIFT_VERSION = 4.0;
				TARGETED_DEVICE_FAMILY = "1,2";
			};
			name = Debug;
		};
		80C4EAA51FD682930075ACBD /* Release */ = {
			isa = XCBuildConfiguration;
			buildSettings = {
				ASSETCATALOG_COMPILER_APPICON_NAME = AppIcon;
				CODE_SIGN_STYLE = Automatic;
				DEVELOPMENT_TEAM = K8NZP3J962;
				INFOPLIST_FILE = "Planets AR/Info.plist";
				LD_RUNPATH_SEARCH_PATHS = "$(inherited) @executable_path/Frameworks";
				PRODUCT_BUNDLE_IDENTIFIER = "RITS.Planets-AR";
				PRODUCT_NAME = "$(TARGET_NAME)";
				SWIFT_VERSION = 4.0;
				TARGETED_DEVICE_FAMILY = "1,2";
			};
			name = Release;
		};
/* End XCBuildConfiguration section */

/* Begin XCConfigurationList section */
		80C4EA8C1FD682930075ACBD /* Build configuration list for PBXProject "Planets AR" */ = {
			isa = XCConfigurationList;
			buildConfigurations = (
				80C4EAA11FD682930075ACBD /* Debug */,
				80C4EAA21FD682930075ACBD /* Release */,
			);
			defaultConfigurationIsVisible = 0;
			defaultConfigurationName = Release;
		};
		80C4EAA31FD682930075ACBD /* Build configuration list for PBXNativeTarget "Planets AR" */ = {
			isa = XCConfigurationList;
			buildConfigurations = (
				80C4EAA41FD682930075ACBD /* Debug */,
				80C4EAA51FD682930075ACBD /* Release */,
			);
			defaultConfigurationIsVisible = 0;
			defaultConfigurationName = Release;
		};
/* End XCConfigurationList section */
	};
	rootObject = 80C4EA891FD682930075ACBD /* Project object */;
}
